
Microsoft Visual Studio Solution File, Format Version 12.00
# Visual Studio 2013
VisualStudioVersion = 12.0.21005.1
MinimumVisualStudioVersion = 10.0.40219.1
Project("{F184B08F-C81C-45F6-A57F-5ABD9991F28F}") = "studentbox", "studentbox\studentbox.vbproj", "{DD285860-F6BB-4EE3-BF77-1523D11B8806}"
EndProject
Global
	GlobalSection(SolutionConfigurationPlatforms) = preSolution
		Debug|Any CPU = Debug|Any CPU
		Release|Any CPU = Release|Any CPU
	EndGlobalSection
	GlobalSection(ProjectConfigurationPlatforms) = postSolution
		{DD285860-F6BB-4EE3-BF77-1523D11B8806}.Debug|Any CPU.ActiveCfg = Debug|Any CPU
		{DD285860-F6BB-4EE3-BF77-1523D11B8806}.Debug|Any CPU.Build.0 = Debug|Any CPU
		{DD285860-F6BB-4EE3-BF77-1523D11B8806}.Release|Any CPU.ActiveCfg = Release|Any CPU
		{DD285860-F6BB-4EE3-BF77-1523D11B8806}.Release|Any CPU.Build.0 = Release|Any CPU
	EndGlobalSection
	GlobalSection(SolutionProperties) = preSolution
		HideSolutionNode = FALSE
	EndGlobalSection
EndGlobal
